
Microsoft Visual Studio Solution File, Format Version 12.00
# Visual Studio Version 17
VisualStudioVersion = 17.14.36301.6
MinimumVisualStudioVersion = 10.0.40219.1
Project("{FAE04EC0-301F-11D3-BF4B-00C04F79EFBC}") = "OnlineStore", "OnlineStore.csproj", "{963577BB-9B4B-4193-B1A0-6BD9A8BA5229}"
EndProject
Global
	GlobalSection(SolutionConfigurationPlatforms) = preSolution
		Debug|Any CPU = Debug|Any CPU
		Release|Any CPU = Release|Any CPU
	EndGlobalSection
	GlobalSection(ProjectConfigurationPlatforms) = postSolution
		{963577BB-9B4B-4193-B1A0-6BD9A8BA5229}.Debug|Any CPU.ActiveCfg = Debug|Any CPU
		{963577BB-9B4B-4193-B1A0-6BD9A8BA5229}.Debug|Any CPU.Build.0 = Debug|Any CPU
		{963577BB-9B4B-4193-B1A0-6BD9A8BA5229}.Release|Any CPU.ActiveCfg = Release|Any CPU
		{963577BB-9B4B-4193-B1A0-6BD9A8BA5229}.Release|Any CPU.Build.0 = Release|Any CPU
	EndGlobalSection
	GlobalSection(SolutionProperties) = preSolution
		HideSolutionNode = FALSE
	EndGlobalSection
	GlobalSection(ExtensibilityGlobals) = postSolution
		SolutionGuid = {1E0D5B19-A3C8-4F68-8044-CC75B414E36B}
	EndGlobalSection
EndGlobal
